github.com/ChannelMeter/iso8601duration v0.0.0-20150204201828-8da3af7a2a61 h1:N5Vqww5QISEHsWHOWDEx4PzdIay3Cg0Jp7zItq2ZAro=
github.com/ChannelMeter/iso8601duration v0.0.0-20150204201828-8da3af7a2a61/go.mod h1:GnKXcK+7DYNy/8w2Ex//Uql4IgfaU82Cd5rWKb7ah00=
github.com/apognu/gocal v0.8.0 h1:uwbD4pdaxOw9hIjBNzFLTbdSraxB518Tmb8wGfNJrwE=
github.com/apognu/gocal v0.8.0/go.mod h1:1UqOwBmHJ/oYF7NgorHPNx48sGfzrd748N+RJ7T+qok=
github.com/davecgh/go-spew v1.1.1/go.mod h1:J7Y8YcW2NihsgmVo/mv3lAwl/skON4iLHjSsI+c5H38=
github.com/luxifer/ical v0.0.0-20200708075228-fc212292344d h1:8W9mEaIj/nBkvF5yTK+QK2/3ARCFxYrUDBISmMfJmWM=
github.com/luxifer/ical v0.0.0-20200708075228-fc212292344d/go.mod h1:TGCe94U3u9fXQl4yHJ8W87z1czj057aVLxYnFYTDC08=
github.com/pmezard/go-difflib v1.0.0/go.mod h1:iKH77koFhYxTK1pcRnkKkqfTogsbg7gZNVY4sRDYZ/4=
github.com/satori/go.uuid v1.2.0/go.mod h1:dA0hQrYB0VpLJoorglMZABFdXlWrHn1NEOzdhQKdks0=
github.com/stretchr/testify v1.2.0/go.mod h1:a8OnRcib4nhh0OaRAV+Yts87kKdq0PP7pXfy6kDkUVs=
